
Microsoft Visual Studio Solution File, Format Version 12.00
# Visual Studio Version 17
VisualStudioVersion = 17.8.34330.188
MinimumVisualStudioVersion = 10.0.40219.1
Project("{9A19103F-16F7-4668-BE54-9A1E7A4F7556}") = "AutoQuest", "AutoQuest\AutoQuest.csproj", "{FF3982EB-D617-4C84-9BE3-CEDB808752F7}"
EndProject
Project("{9A19103F-16F7-4668-BE54-9A1E7A4F7556}") = "Unluac", "Unluac\Unluac.csproj", "{15CBFC30-217E-4242-B4C2-185571A92BB1}"
EndProject
Project("{9A19103F-16F7-4668-BE54-9A1E7A4F7556}") = "SaintCoinach", "SaintCoinach\SaintCoinach\SaintCoinach.csproj", "{8A7D65EB-3DE3-4631-B286-CC73A3126002}"
EndProject
Project("{9A19103F-16F7-4668-BE54-9A1E7A4F7556}") = "DotSquish", "SaintCoinach\DotSquish\DotSquish.csproj", "{F9681545-4BEA-4FD3-9AB9-A67BD37AB36D}"
EndProject
Project("{9A19103F-16F7-4668-BE54-9A1E7A4F7556}") = "ECommons", "ECommons\ECommons\ECommons.csproj", "{99FE53B2-C4BC-4021-BEF9-96343D2B8D0E}"
EndProject
Global
	GlobalSection(SolutionConfigurationPlatforms) = preSolution
		Debug|Any CPU = Debug|Any CPU
		Debug|x64 = Debug|x64
		DebugForms|Any CPU = DebugForms|Any CPU
		DebugForms|x64 = DebugForms|x64
		Release|Any CPU = Release|Any CPU
		Release|x64 = Release|x64
		ReleaseForms|Any CPU = ReleaseForms|Any CPU
		ReleaseForms|x64 = ReleaseForms|x64
	EndGlobalSection
	GlobalSection(ProjectConfigurationPlatforms) = postSolution
		{FF3982EB-D617-4C84-9BE3-CEDB808752F7}.Debug|Any CPU.ActiveCfg = Debug|x64
		{FF3982EB-D617-4C84-9BE3-CEDB808752F7}.Debug|Any CPU.Build.0 = Debug|x64
		{FF3982EB-D617-4C84-9BE3-CEDB808752F7}.Debug|x64.ActiveCfg = Debug|x64
		{FF3982EB-D617-4C84-9BE3-CEDB808752F7}.Debug|x64.Build.0 = Debug|x64
		{FF3982EB-D617-4C84-9BE3-CEDB808752F7}.DebugForms|Any CPU.ActiveCfg = Debug|x64
		{FF3982EB-D617-4C84-9BE3-CEDB808752F7}.DebugForms|Any CPU.Build.0 = Debug|x64
		{FF3982EB-D617-4C84-9BE3-CEDB808752F7}.DebugForms|x64.ActiveCfg = Debug|x64
		{FF3982EB-D617-4C84-9BE3-CEDB808752F7}.DebugForms|x64.Build.0 = Debug|x64
		{FF3982EB-D617-4C84-9BE3-CEDB808752F7}.Release|Any CPU.ActiveCfg = Release|x64
		{FF3982EB-D617-4C84-9BE3-CEDB808752F7}.Release|Any CPU.Build.0 = Release|x64
		{FF3982EB-D617-4C84-9BE3-CEDB808752F7}.Release|x64.ActiveCfg = Release|x64
		{FF3982EB-D617-4C84-9BE3-CEDB808752F7}.Release|x64.Build.0 = Release|x64
		{FF3982EB-D617-4C84-9BE3-CEDB808752F7}.ReleaseForms|Any CPU.ActiveCfg = Release|x64
		{FF3982EB-D617-4C84-9BE3-CEDB808752F7}.ReleaseForms|Any CPU.Build.0 = Release|x64
		{FF3982EB-D617-4C84-9BE3-CEDB808752F7}.ReleaseForms|x64.ActiveCfg = Release|x64
		{FF3982EB-D617-4C84-9BE3-CEDB808752F7}.ReleaseForms|x64.Build.0 = Release|x64
		{15CBFC30-217E-4242-B4C2-185571A92BB1}.Debug|Any CPU.ActiveCfg = Debug|Any CPU
		{15CBFC30-217E-4242-B4C2-185571A92BB1}.Debug|Any CPU.Build.0 = Debug|Any CPU
		{15CBFC30-217E-4242-B4C2-185571A92BB1}.Debug|x64.ActiveCfg = Debug|Any CPU
		{15CBFC30-217E-4242-B4C2-185571A92BB1}.Debug|x64.Build.0 = Debug|Any CPU
		{15CBFC30-217E-4242-B4C2-185571A92BB1}.DebugForms|Any CPU.ActiveCfg = Debug|Any CPU
		{15CBFC30-217E-4242-B4C2-185571A92BB1}.DebugForms|Any CPU.Build.0 = Debug|Any CPU
		{15CBFC30-217E-4242-B4C2-185571A92BB1}.DebugForms|x64.ActiveCfg = Debug|Any CPU
		{15CBFC30-217E-4242-B4C2-185571A92BB1}.DebugForms|x64.Build.0 = Debug|Any CPU
		{15CBFC30-217E-4242-B4C2-185571A92BB1}.Release|Any CPU.ActiveCfg = Release|Any CPU
		{15CBFC30-217E-4242-B4C2-185571A92BB1}.Release|Any CPU.Build.0 = Release|Any CPU
		{15CBFC30-217E-4242-B4C2-185571A92BB1}.Release|x64.ActiveCfg = Release|Any CPU
		{15CBFC30-217E-4242-B4C2-185571A92BB1}.Release|x64.Build.0 = Release|Any CPU
		{15CBFC30-217E-4242-B4C2-185571A92BB1}.ReleaseForms|Any CPU.ActiveCfg = Release|Any CPU
		{15CBFC30-217E-4242-B4C2-185571A92BB1}.ReleaseForms|Any CPU.Build.0 = Release|Any CPU
		{15CBFC30-217E-4242-B4C2-185571A92BB1}.ReleaseForms|x64.ActiveCfg = Release|Any CPU
		{15CBFC30-217E-4242-B4C2-185571A92BB1}.ReleaseForms|x64.Build.0 = Release|Any CPU
		{8A7D65EB-3DE3-4631-B286-CC73A3126002}.Debug|Any CPU.ActiveCfg = Debug|Any CPU
		{8A7D65EB-3DE3-4631-B286-CC73A3126002}.Debug|Any CPU.Build.0 = Debug|Any CPU
		{8A7D65EB-3DE3-4631-B286-CC73A3126002}.Debug|x64.ActiveCfg = Debug|Any CPU
		{8A7D65EB-3DE3-4631-B286-CC73A3126002}.Debug|x64.Build.0 = Debug|Any CPU
		{8A7D65EB-3DE3-4631-B286-CC73A3126002}.DebugForms|Any CPU.ActiveCfg = Debug|Any CPU
		{8A7D65EB-3DE3-4631-B286-CC73A3126002}.DebugForms|Any CPU.Build.0 = Debug|Any CPU
		{8A7D65EB-3DE3-4631-B286-CC73A3126002}.DebugForms|x64.ActiveCfg = Debug|Any CPU
		{8A7D65EB-3DE3-4631-B286-CC73A3126002}.DebugForms|x64.Build.0 = Debug|Any CPU
		{8A7D65EB-3DE3-4631-B286-CC73A3126002}.Release|Any CPU.ActiveCfg = Release|Any CPU
		{8A7D65EB-3DE3-4631-B286-CC73A3126002}.Release|Any CPU.Build.0 = Release|Any CPU
		{8A7D65EB-3DE3-4631-B286-CC73A3126002}.Release|x64.ActiveCfg = Release|Any CPU
		{8A7D65EB-3DE3-4631-B286-CC73A3126002}.Release|x64.Build.0 = Release|Any CPU
		{8A7D65EB-3DE3-4631-B286-CC73A3126002}.ReleaseForms|Any CPU.ActiveCfg = Release|Any CPU
		{8A7D65EB-3DE3-4631-B286-CC73A3126002}.ReleaseForms|Any CPU.Build.0 = Release|Any CPU
		{8A7D65EB-3DE3-4631-B286-CC73A3126002}.ReleaseForms|x64.ActiveCfg = Release|Any CPU
		{8A7D65EB-3DE3-4631-B286-CC73A3126002}.ReleaseForms|x64.Build.0 = Release|Any CPU
		{F9681545-4BEA-4FD3-9AB9-A67BD37AB36D}.Debug|Any CPU.ActiveCfg = Debug|Any CPU
		{F9681545-4BEA-4FD3-9AB9-A67BD37AB36D}.Debug|Any CPU.Build.0 = Debug|Any CPU
		{F9681545-4BEA-4FD3-9AB9-A67BD37AB36D}.Debug|x64.ActiveCfg = Debug|Any CPU
		{F9681545-4BEA-4FD3-9AB9-A67BD37AB36D}.Debug|x64.Build.0 = Debug|Any CPU
		{F9681545-4BEA-4FD3-9AB9-A67BD37AB36D}.DebugForms|Any CPU.ActiveCfg = Debug|Any CPU
		{F9681545-4BEA-4FD3-9AB9-A67BD37AB36D}.DebugForms|Any CPU.Build.0 = Debug|Any CPU
		{F9681545-4BEA-4FD3-9AB9-A67BD37AB36D}.DebugForms|x64.ActiveCfg = Debug|Any CPU
		{F9681545-4BEA-4FD3-9AB9-A67BD37AB36D}.DebugForms|x64.Build.0 = Debug|Any CPU
		{F9681545-4BEA-4FD3-9AB9-A67BD37AB36D}.Release|Any CPU.ActiveCfg = Release|Any CPU
		{F9681545-4BEA-4FD3-9AB9-A67BD37AB36D}.Release|Any CPU.Build.0 = Release|Any CPU
		{F9681545-4BEA-4FD3-9AB9-A67BD37AB36D}.Release|x64.ActiveCfg = Release|Any CPU
		{F9681545-4BEA-4FD3-9AB9-A67BD37AB36D}.Release|x64.Build.0 = Release|Any CPU
		{F9681545-4BEA-4FD3-9AB9-A67BD37AB36D}.ReleaseForms|Any CPU.ActiveCfg = Release|Any CPU
		{F9681545-4BEA-4FD3-9AB9-A67BD37AB36D}.ReleaseForms|Any CPU.Build.0 = Release|Any CPU
		{F9681545-4BEA-4FD3-9AB9-A67BD37AB36D}.ReleaseForms|x64.ActiveCfg = Release|Any CPU
		{F9681545-4BEA-4FD3-9AB9-A67BD37AB36D}.ReleaseForms|x64.Build.0 = Release|Any CPU
		{99FE53B2-C4BC-4021-BEF9-96343D2B8D0E}.Debug|Any CPU.ActiveCfg = Debug|x64
		{99FE53B2-C4BC-4021-BEF9-96343D2B8D0E}.Debug|Any CPU.Build.0 = Debug|x64
		{99FE53B2-C4BC-4021-BEF9-96343D2B8D0E}.Debug|x64.ActiveCfg = Debug|x64
		{99FE53B2-C4BC-4021-BEF9-96343D2B8D0E}.Debug|x64.Build.0 = Debug|x64
		{99FE53B2-C4BC-4021-BEF9-96343D2B8D0E}.DebugForms|Any CPU.ActiveCfg = DebugForms|x64
		{99FE53B2-C4BC-4021-BEF9-96343D2B8D0E}.DebugForms|Any CPU.Build.0 = DebugForms|x64
		{99FE53B2-C4BC-4021-BEF9-96343D2B8D0E}.DebugForms|x64.ActiveCfg = DebugForms|x64
		{99FE53B2-C4BC-4021-BEF9-96343D2B8D0E}.DebugForms|x64.Build.0 = DebugForms|x64
		{99FE53B2-C4BC-4021-BEF9-96343D2B8D0E}.Release|Any CPU.ActiveCfg = Release|x64
		{99FE53B2-C4BC-4021-BEF9-96343D2B8D0E}.Release|Any CPU.Build.0 = Release|x64
		{99FE53B2-C4BC-4021-BEF9-96343D2B8D0E}.Release|x64.ActiveCfg = Release|x64
		{99FE53B2-C4BC-4021-BEF9-96343D2B8D0E}.Release|x64.Build.0 = Release|x64
		{99FE53B2-C4BC-4021-BEF9-96343D2B8D0E}.ReleaseForms|Any CPU.ActiveCfg = ReleaseForms|x64
		{99FE53B2-C4BC-4021-BEF9-96343D2B8D0E}.ReleaseForms|Any CPU.Build.0 = ReleaseForms|x64
		{99FE53B2-C4BC-4021-BEF9-96343D2B8D0E}.ReleaseForms|x64.ActiveCfg = ReleaseForms|x64
		{99FE53B2-C4BC-4021-BEF9-96343D2B8D0E}.ReleaseForms|x64.Build.0 = ReleaseForms|x64
	EndGlobalSection
	GlobalSection(SolutionProperties) = preSolution
		HideSolutionNode = FALSE
	EndGlobalSection
	GlobalSection(ExtensibilityGlobals) = postSolution
		SolutionGuid = {63F5E786-A7DF-4271-95BB-BAF025E626D0}
	EndGlobalSection
EndGlobal
